Microsoft Visual Studio Solution File, Format Version 12.00
# Visual Studio Version 17
VisualStudioVersion = 17.5.2.0
MinimumVisualStudioVersion = 10.0.40219.1
Project("{FAE04EC0-301F-11D3-BF4B-00C04F79EFBC}") = "clientbs", "clientbs\clientbs.csproj", "{46BC1CA3-68AC-3C8A-0913-454D1D8A9022}"
EndProject
Project("{FAE04EC0-301F-11D3-BF4B-00C04F79EFBC}") = "serverbs", "serverbs\serverbs.csproj", "{E3706AF8-55C2-7002-F025-00C385558B0D}"
EndProject
Global
	GlobalSection(SolutionConfigurationPlatforms) = preSolution
		Debug|Any CPU = Debug|Any CPU
		Release|Any CPU = Release|Any CPU
	EndGlobalSection
	GlobalSection(ProjectConfigurationPlatforms) = postSolution
		{46BC1CA3-68AC-3C8A-0913-454D1D8A9022}.Debug|Any CPU.ActiveCfg = Debug|Any CPU
		{46BC1CA3-68AC-3C8A-0913-454D1D8A9022}.Debug|Any CPU.Build.0 = Debug|Any CPU
		{46BC1CA3-68AC-3C8A-0913-454D1D8A9022}.Release|Any CPU.ActiveCfg = Release|Any CPU
		{46BC1CA3-68AC-3C8A-0913-454D1D8A9022}.Release|Any CPU.Build.0 = Release|Any CPU
		{E3706AF8-55C2-7002-F025-00C385558B0D}.Debug|Any CPU.ActiveCfg = Debug|Any CPU
		{E3706AF8-55C2-7002-F025-00C385558B0D}.Debug|Any CPU.Build.0 = Debug|Any CPU
		{E3706AF8-55C2-7002-F025-00C385558B0D}.Release|Any CPU.ActiveCfg = Release|Any CPU
		{E3706AF8-55C2-7002-F025-00C385558B0D}.Release|Any CPU.Build.0 = Release|Any CPU
	EndGlobalSection
	GlobalSection(SolutionProperties) = preSolution
		HideSolutionNode = FALSE
	EndGlobalSection
	GlobalSection(ExtensibilityGlobals) = postSolution
		SolutionGuid = {7D44521A-5F79-4301-BF82-487C9F429655}
	EndGlobalSection
EndGlobal
